
Microsoft Visual Studio Solution File, Format Version 12.00
# Visual Studio 15
VisualStudioVersion = 15.0.26124.0
MinimumVisualStudioVersion = 15.0.26124.0
Project("{FAE04EC0-301F-11D3-BF4B-00C04F79EFBC}") = "Domain", "Domain\Domain.csproj", "{D31D2EB1-39AB-4A9E-A0BF-DD6E07B17562}"
EndProject
Project("{FAE04EC0-301F-11D3-BF4B-00C04F79EFBC}") = "Application", "Application\Application.csproj", "{43C7CE8D-3BF7-4390-9A5F-5B875BC70C68}"
EndProject
Project("{FAE04EC0-301F-11D3-BF4B-00C04F79EFBC}") = "Persistence", "Persistence\Persistence.csproj", "{2B352DE0-8A39-4FB5-B435-8585B72E32E2}"
EndProject
Project("{FAE04EC0-301F-11D3-BF4B-00C04F79EFBC}") = "API", "API\API.csproj", "{F1CF45F6-3F02-408E-97D6-1701D61E056D}"
EndProject
Global
	GlobalSection(SolutionConfigurationPlatforms) = preSolution
		Debug|Any CPU = Debug|Any CPU
		Debug|x64 = Debug|x64
		Debug|x86 = Debug|x86
		Release|Any CPU = Release|Any CPU
		Release|x64 = Release|x64
		Release|x86 = Release|x86
	EndGlobalSection
	GlobalSection(SolutionProperties) = preSolution
		HideSolutionNode = FALSE
	EndGlobalSection
	GlobalSection(ProjectConfigurationPlatforms) = postSolution
		{D31D2EB1-39AB-4A9E-A0BF-DD6E07B17562}.Debug|Any CPU.ActiveCfg = Debug|Any CPU
		{D31D2EB1-39AB-4A9E-A0BF-DD6E07B17562}.Debug|Any CPU.Build.0 = Debug|Any CPU
		{D31D2EB1-39AB-4A9E-A0BF-DD6E07B17562}.Debug|x64.ActiveCfg = Debug|Any CPU
		{D31D2EB1-39AB-4A9E-A0BF-DD6E07B17562}.Debug|x64.Build.0 = Debug|Any CPU
		{D31D2EB1-39AB-4A9E-A0BF-DD6E07B17562}.Debug|x86.ActiveCfg = Debug|Any CPU
		{D31D2EB1-39AB-4A9E-A0BF-DD6E07B17562}.Debug|x86.Build.0 = Debug|Any CPU
		{D31D2EB1-39AB-4A9E-A0BF-DD6E07B17562}.Release|Any CPU.ActiveCfg = Release|Any CPU
		{D31D2EB1-39AB-4A9E-A0BF-DD6E07B17562}.Release|Any CPU.Build.0 = Release|Any CPU
		{D31D2EB1-39AB-4A9E-A0BF-DD6E07B17562}.Release|x64.ActiveCfg = Release|Any CPU
		{D31D2EB1-39AB-4A9E-A0BF-DD6E07B17562}.Release|x64.Build.0 = Release|Any CPU
		{D31D2EB1-39AB-4A9E-A0BF-DD6E07B17562}.Release|x86.ActiveCfg = Release|Any CPU
		{D31D2EB1-39AB-4A9E-A0BF-DD6E07B17562}.Release|x86.Build.0 = Release|Any CPU
		{43C7CE8D-3BF7-4390-9A5F-5B875BC70C68}.Debug|Any CPU.ActiveCfg = Debug|Any CPU
		{43C7CE8D-3BF7-4390-9A5F-5B875BC70C68}.Debug|Any CPU.Build.0 = Debug|Any CPU
		{43C7CE8D-3BF7-4390-9A5F-5B875BC70C68}.Debug|x64.ActiveCfg = Debug|Any CPU
		{43C7CE8D-3BF7-4390-9A5F-5B875BC70C68}.Debug|x64.Build.0 = Debug|Any CPU
		{43C7CE8D-3BF7-4390-9A5F-5B875BC70C68}.Debug|x86.ActiveCfg = Debug|Any CPU
		{43C7CE8D-3BF7-4390-9A5F-5B875BC70C68}.Debug|x86.Build.0 = Debug|Any CPU
		{43C7CE8D-3BF7-4390-9A5F-5B875BC70C68}.Release|Any CPU.ActiveCfg = Release|Any CPU
		{43C7CE8D-3BF7-4390-9A5F-5B875BC70C68}.Release|Any CPU.Build.0 = Release|Any CPU
		{43C7CE8D-3BF7-4390-9A5F-5B875BC70C68}.Release|x64.ActiveCfg = Release|Any CPU
		{43C7CE8D-3BF7-4390-9A5F-5B875BC70C68}.Release|x64.Build.0 = Release|Any CPU
		{43C7CE8D-3BF7-4390-9A5F-5B875BC70C68}.Release|x86.ActiveCfg = Release|Any CPU
		{43C7CE8D-3BF7-4390-9A5F-5B875BC70C68}.Release|x86.Build.0 = Release|Any CPU
		{2B352DE0-8A39-4FB5-B435-8585B72E32E2}.Debug|Any CPU.ActiveCfg = Debug|Any CPU
		{2B352DE0-8A39-4FB5-B435-8585B72E32E2}.Debug|Any CPU.Build.0 = Debug|Any CPU
		{2B352DE0-8A39-4FB5-B435-8585B72E32E2}.Debug|x64.ActiveCfg = Debug|Any CPU
		{2B352DE0-8A39-4FB5-B435-8585B72E32E2}.Debug|x64.Build.0 = Debug|Any CPU
		{2B352DE0-8A39-4FB5-B435-8585B72E32E2}.Debug|x86.ActiveCfg = Debug|Any CPU
		{2B352DE0-8A39-4FB5-B435-8585B72E32E2}.Debug|x86.Build.0 = Debug|Any CPU
		{2B352DE0-8A39-4FB5-B435-8585B72E32E2}.Release|Any CPU.ActiveCfg = Release|Any CPU
		{2B352DE0-8A39-4FB5-B435-8585B72E32E2}.Release|Any CPU.Build.0 = Release|Any CPU
		{2B352DE0-8A39-4FB5-B435-8585B72E32E2}.Release|x64.ActiveCfg = Release|Any CPU
		{2B352DE0-8A39-4FB5-B435-8585B72E32E2}.Release|x64.Build.0 = Release|Any CPU
		{2B352DE0-8A39-4FB5-B435-8585B72E32E2}.Release|x86.ActiveCfg = Release|Any CPU
		{2B352DE0-8A39-4FB5-B435-8585B72E32E2}.Release|x86.Build.0 = Release|Any CPU
		{F1CF45F6-3F02-408E-97D6-1701D61E056D}.Debug|Any CPU.ActiveCfg = Debug|Any CPU
		{F1CF45F6-3F02-408E-97D6-1701D61E056D}.Debug|Any CPU.Build.0 = Debug|Any CPU
		{F1CF45F6-3F02-408E-97D6-1701D61E056D}.Debug|x64.ActiveCfg = Debug|Any CPU
		{F1CF45F6-3F02-408E-97D6-1701D61E056D}.Debug|x64.Build.0 = Debug|Any CPU
		{F1CF45F6-3F02-408E-97D6-1701D61E056D}.Debug|x86.ActiveCfg = Debug|Any CPU
		{F1CF45F6-3F02-408E-97D6-1701D61E056D}.Debug|x86.Build.0 = Debug|Any CPU
		{F1CF45F6-3F02-408E-97D6-1701D61E056D}.Release|Any CPU.ActiveCfg = Release|Any CPU
		{F1CF45F6-3F02-408E-97D6-1701D61E056D}.Release|Any CPU.Build.0 = Release|Any CPU
		{F1CF45F6-3F02-408E-97D6-1701D61E056D}.Release|x64.ActiveCfg = Release|Any CPU
		{F1CF45F6-3F02-408E-97D6-1701D61E056D}.Release|x64.Build.0 = Release|Any CPU
		{F1CF45F6-3F02-408E-97D6-1701D61E056D}.Release|x86.ActiveCfg = Release|Any CPU
		{F1CF45F6-3F02-408E-97D6-1701D61E056D}.Release|x86.Build.0 = Release|Any CPU
	EndGlobalSection
EndGlobal
